// !$*UTF8*$!
{
	archiveVersion = 1;
	classes = {
	};
	objectVersion = 50;
	objects = {

/* Begin PBXBuildFile section */
		185A529225E5119300D75023 /* AppDelegate.swift in Sources */ = {isa = PBXBuildFile; fileRef = 185A529125E5119300D75023 /* AppDelegate.swift */; };
		185A529425E5119300D75023 /* SceneDelegate.swift in Sources */ = {isa = PBXBuildFile; fileRef = 185A529325E5119300D75023 /* SceneDelegate.swift */; };
		185A529625E5119300D75023 /* ViewController.swift in Sources */ = {isa = PBXBuildFile; fileRef = 185A529525E5119300D75023 /* ViewController.swift */; };
		185A529925E5119300D75023 /* Main.storyboard in Resources */ = {isa = PBXBuildFile; fileRef = 185A529725E5119300D75023 /* Main.storyboard */; };
		185A529C25E5119300D75023 /* VideoGamesApp.xcdatamodeld in Sources */ = {isa = PBXBuildFile; fileRef = 185A529A25E5119300D75023 /* VideoGamesApp.xcdatamodeld */; };
		185A529E25E5119600D75023 /* Assets.xcassets in Resources */ = {isa = PBXBuildFile; fileRef = 185A529D25E5119600D75023 /* Assets.xcassets */; };
		185A52A125E5119600D75023 /* LaunchScreen.storyboard in Resources */ = {isa = PBXBuildFile; fileRef = 185A529F25E5119600D75023 /* LaunchScreen.storyboard */; };
/* End PBXBuildFile section */

/* Begin PBXFileReference section */
		185A528E25E5119300D75023 /* VideoGamesApp.app */ = {isa = PBXFileReference; explicitFileType = wrapper.application; includeInIndex = 0; path = VideoGamesApp.app; sourceTree = BUILT_PRODUCTS_DIR; };
		185A529125E5119300D75023 /* AppDelegate.swift */ = {isa = PBXFileReference; lastKnownFileType = sourcecode.swift; path = AppDelegate.swift; sourceTree = "<group>"; };
		185A529325E5119300D75023 /* SceneDelegate.swift */ = {isa = PBXFileReference; lastKnownFileType = sourcecode.swift; path = SceneDelegate.swift; sourceTree = "<group>"; };
		185A529525E5119300D75023 /* ViewController.swift */ = {isa = PBXFileReference; lastKnownFileType = sourcecode.swift; path = ViewController.swift; sourceTree = "<group>"; };
		185A529825E5119300D75023 /* Base */ = {isa = PBXFileReference; lastKnownFileType = file.storyboard; name = Base; path = Base.lproj/Main.storyboard; sourceTree = "<group>"; };
		185A529B25E5119300D75023 /* VideoGamesApp.xcdatamodel */ = {isa = PBXFileReference; lastKnownFileType = wrapper.xcdatamodel; path = VideoGamesApp.xcdatamodel; sourceTree = "<group>"; };
		185A529D25E5119600D75023 /* Assets.xcassets */ = {isa = PBXFileReference; lastKnownFileType = folder.assetcatalog; path = Assets.xcassets; sourceTree = "<group>"; };
		185A52A025E5119600D75023 /* Base */ = {isa = PBXFileReference; lastKnownFileType = file.storyboard; name = Base; path = Base.lproj/LaunchScreen.storyboard; sourceTree = "<group>"; };
		185A52A225E5119600D75023 /* Info.plist */ = {isa = PBXFileReference; lastKnownFileType = text.plist.xml; path = Info.plist; sourceTree = "<group>"; };
/* End PBXFileReference section */

/* Begin PBXFrameworksBuildPhase section */
		185A528B25E5119300D75023 /* Frameworks */ = {
			isa = PBXFrameworksBuildPhase;
			buildActionMask = 2147483647;
			files = (
			);
			runOnlyForDeploymentPostprocessing = 0;
		};
/* End PBXFrameworksBuildPhase section */

/* Begin PBXGroup section */
		185A528525E5119200D75023 = {
			isa = PBXGroup;
			children = (
				185A529025E5119300D75023 /* VideoGamesApp */,
				185A528F25E5119300D75023 /* Products */,
			);
			sourceTree = "<group>";
		};
		185A528F25E5119300D75023 /* Products */ = {
			isa = PBXGroup;
			children = (
				185A528E25E5119300D75023 /* VideoGamesApp.app */,
			);
			name = Products;
			sourceTree = "<group>";
		};
		185A529025E5119300D75023 /* VideoGamesApp */ = {
			isa = PBXGroup;
			children = (
				185A529125E5119300D75023 /* AppDelegate.swift */,
				185A529325E5119300D75023 /* SceneDelegate.swift */,
				185A529525E5119300D75023 /* ViewController.swift */,
				185A529725E5119300D75023 /* Main.storyboard */,
				185A529D25E5119600D75023 /* Assets.xcassets */,
				185A529F25E5119600D75023 /* LaunchScreen.storyboard */,
				185A52A225E5119600D75023 /* Info.plist */,
				185A529A25E5119300D75023 /* VideoGamesApp.xcdatamodeld */,
			);
			path = VideoGamesApp;
			sourceTree = "<group>";
		};
/* End PBXGroup section */

/* Begin PBXNativeTarget section */
		185A528D25E5119300D75023 /* VideoGamesApp */ = {
			isa = PBXNativeTarget;
			buildConfigurationList = 185A52A525E5119600D75023 /* Build configuration list for PBXNativeTarget "VideoGamesApp" */;
			buildPhases = (
				185A528A25E5119300D75023 /* Sources */,
				185A528B25E5119300D75023 /* Frameworks */,
				185A528C25E5119300D75023 /* Resources */,
			);
			buildRules = (
			);
			dependencies = (
			);
			name = VideoGamesApp;
			productName = VideoGamesApp;
			productReference = 185A528E25E5119300D75023 /* VideoGamesApp.app */;
			productType = "com.apple.product-type.application";
		};
/* End PBXNativeTarget section */

/* Begin PBXProject section */
		185A528625E5119200D75023 /* Project object */ = {
			isa = PBXProject;
			attributes = {
				LastSwiftUpdateCheck = 1240;
				LastUpgradeCheck = 1240;
				TargetAttributes = {
					185A528D25E5119300D75023 = {
						CreatedOnToolsVersion = 12.4;
					};
				};
			};
			buildConfigurationList = 185A528925E5119200D75023 /* Build configuration list for PBXProject "VideoGamesApp" */;
			compatibilityVersion = "Xcode 9.3";
			developmentRegion = en;
			hasScannedForEncodings = 0;
			knownRegions = (
				en,
				Base,
			);
			mainGroup = 185A528525E5119200D75023;
			productRefGroup = 185A528F25E5119300D75023 /* Products */;
			projectDirPath = "";
			projectRoot = "";
			targets = (
				185A528D25E5119300D75023 /* VideoGamesApp */,
			);
		};
/* End PBXProject section */

/* Begin PBXResourcesBuildPhase section */
		185A528C25E5119300D75023 /* Resources */ = {
			isa = PBXResourcesBuildPhase;
			buildActionMask = 2147483647;
			files = (
				185A52A125E5119600D75023 /* LaunchScreen.storyboard in Resources */,
				185A529E25E5119600D75023 /* Assets.xcassets in Resources */,
				185A529925E5119300D75023 /* Main.storyboard in Resources */,
			);
			runOnlyForDeploymentPostprocessing = 0;
		};
/* End PBXResourcesBuildPhase section */

/* Begin PBXSourcesBuildPhase section */
		185A528A25E5119300D75023 /* Sources */ = {
			isa = PBXSourcesBuildPhase;
			buildActionMask = 2147483647;
			files = (
				185A529625E5119300D75023 /* ViewController.swift in Sources */,
				185A529225E5119300D75023 /* AppDelegate.swift in Sources */,
				185A529425E5119300D75023 /* SceneDelegate.swift in Sources */,
				185A529C25E5119300D75023 /* VideoGamesApp.xcdatamodeld in Sources */,
			);
			runOnlyForDeploymentPostprocessing = 0;
		};
/* End PBXSourcesBuildPhase section */

/* Begin PBXVariantGroup section */
		185A529725E5119300D75023 /* Main.storyboard */ = {
			isa = PBXVariantGroup;
			children = (
				185A529825E5119300D75023 /* Base */,
			);
			name = Main.storyboard;
			sourceTree = "<group>";
		};
		185A529F25E5119600D75023 /* LaunchScreen.storyboard */ = {
			isa = PBXVariantGroup;
			children = (
				185A52A025E5119600D75023 /* Base */,
			);
			name = LaunchScreen.storyboard;
			sourceTree = "<group>";
		};
/* End PBXVariantGroup section */

/* Begin XCBuildConfiguration section */
		185A52A325E5119600D75023 /* Debug */ = {
			isa = XCBuildConfiguration;
			buildSettings = {
				ALWAYS_SEARCH_USER_PATHS = NO;
				CLANG_ANALYZER_NONNULL = YES;
				CLANG_ANALYZER_NUMBER_OBJECT_CONVERSION = YES_AGGRESSIVE;
				CLANG_CXX_LANGUAGE_STANDARD = "gnu++14";
				CLANG_CXX_LIBRARY = "libc++";
				CLANG_ENABLE_MODULES = YES;
				CLANG_ENABLE_OBJC_ARC = YES;
				CLANG_ENABLE_OBJC_WEAK = YES;
				CLANG_WARN_BLOCK_CAPTURE_AUTORELEASING = YES;
				CLANG_WARN_BOOL_CONVERSION = YES;
				CLANG_WARN_COMMA = YES;
				CLANG_WARN_CONSTANT_CONVERSION = YES;
				CLANG_WARN_DEPRECATED_OBJC_IMPLEMENTATIONS = YES;
				CLANG_WARN_DIRECT_OBJC_ISA_USAGE = YES_ERROR;
				CLANG_WARN_DOCUMENTATION_COMMENTS = YES;
				CLANG_WARN_EMPTY_BODY = YES;
				CLANG_WARN_ENUM_CONVERSION = YES;
				CLANG_WARN_INFINITE_RECURSION = YES;
				CLANG_WARN_INT_CONVERSION = YES;
				CLANG_WARN_NON_LITERAL_NULL_CONVERSION = YES;
				CLANG_WARN_OBJC_IMPLICIT_RETAIN_SELF = YES;
				CLANG_WARN_OBJC_LITERAL_CONVERSION = YES;
				CLANG_WARN_OBJC_ROOT_CLASS = YES_ERROR;
				CLANG_WARN_QUOTED_INCLUDE_IN_FRAMEWORK_HEADER = YES;
				CLANG_WARN_RANGE_LOOP_ANALYSIS = YES;
				CLANG_WARN_STRICT_PROTOTYPES = YES;
				CLANG_WARN_SUSPICIOUS_MOVE = YES;
				CLANG_WARN_UNGUARDED_AVAILABILITY = YES_AGGRESSIVE;
				CLANG_WARN_UNREACHABLE_CODE = YES;
				CLANG_WARN__DUPLICATE_METHOD_MATCH = YES;
				COPY_PHASE_STRIP = NO;
				DEBUG_INFORMATION_FORMAT = dwarf;
				ENABLE_STRICT_OBJC_MSGSEND = YES;
				ENABLE_TESTABILITY = YES;
				GCC_C_LANGUAGE_STANDARD = gnu11;
				GCC_DYNAMIC_NO_PIC = NO;
				GCC_NO_COMMON_BLOCKS = YES;
				GCC_OPTIMIZATION_LEVEL = 0;
				GCC_PREPROCESSOR_DEFINITIONS = (
					"DEBUG=1",
					"$(inherited)",
				);
				GCC_WARN_64_TO_32_BIT_CONVERSION = YES;
				GCC_WARN_ABOUT_RETURN_TYPE = YES_ERROR;
				GCC_WARN_UNDECLARED_SELECTOR = YES;
				GCC_WARN_UNINITIALIZED_AUTOS = YES_AGGRESSIVE;
				GCC_WARN_UNUSED_FUNCTION = YES;
				GCC_WARN_UNUSED_VARIABLE = YES;
				IPHONEOS_DEPLOYMENT_TARGET = 14.4;
				MTL_ENABLE_DEBUG_INFO = INCLUDE_SOURCE;
				MTL_FAST_MATH = YES;
				ONLY_ACTIVE_ARCH = YES;
				SDKROOT = iphoneos;
				SWIFT_ACTIVE_COMPILATION_CONDITIONS = DEBUG;
				SWIFT_OPTIMIZATION_LEVEL = "-Onone";
			};
			name = Debug;
		};
		185A52A425E5119600D75023 /* Release */ = {
			isa = XCBuildConfiguration;
			buildSettings = {
				ALWAYS_SEARCH_USER_PATHS = NO;
				CLANG_ANALYZER_NONNULL = YES;
				CLANG_ANALYZER_NUMBER_OBJECT_CONVERSION = YES_AGGRESSIVE;
				CLANG_CXX_LANGUAGE_STANDARD = "gnu++14";
				CLANG_CXX_LIBRARY = "libc++";
				CLANG_ENABLE_MODULES = YES;
				CLANG_ENABLE_OBJC_ARC = YES;
				CLANG_ENABLE_OBJC_WEAK = YES;
				CLANG_WARN_BLOCK_CAPTURE_AUTORELEASING = YES;
				CLANG_WARN_BOOL_CONVERSION = YES;
				CLANG_WARN_COMMA = YES;
				CLANG_WARN_CONSTANT_CONVERSION = YES;
				CLANG_WARN_DEPRECATED_OBJC_IMPLEMENTATIONS = YES;
				CLANG_WARN_DIRECT_OBJC_ISA_USAGE = YES_ERROR;
				CLANG_WARN_DOCUMENTATION_COMMENTS = YES;
				CLANG_WARN_EMPTY_BODY = YES;
				CLANG_WARN_ENUM_CONVERSION = YES;
				CLANG_WARN_INFINITE_RECURSION = YES;
				CLANG_WARN_INT_CONVERSION = YES;
				CLANG_WARN_NON_LITERAL_NULL_CONVERSION = YES;
				CLANG_WARN_OBJC_IMPLICIT_RETAIN_SELF = YES;
				CLANG_WARN_OBJC_LITERAL_CONVERSION = YES;
				CLANG_WARN_OBJC_ROOT_CLASS = YES_ERROR;
				CLANG_WARN_QUOTED_INCLUDE_IN_FRAMEWORK_HEADER = YES;
				CLANG_WARN_RANGE_LOOP_ANALYSIS = YES;
				CLANG_WARN_STRICT_PROTOTYPES = YES;
				CLANG_WARN_SUSPICIOUS_MOVE = YES;
				CLANG_WARN_UNGUARDED_AVAILABILITY = YES_AGGRESSIVE;
				CLANG_WARN_UNREACHABLE_CODE = YES;
				CLANG_WARN__DUPLICATE_METHOD_MATCH = YES;
				COPY_PHASE_STRIP = NO;
				DEBUG_INFORMATION_FORMAT = "dwarf-with-dsym";
				ENABLE_NS_ASSERTIONS = NO;
				ENABLE_STRICT_OBJC_MSGSEND = YES;
				GCC_C_LANGUAGE_STANDARD = gnu11;
				GCC_NO_COMMON_BLOCKS = YES;
				GCC_WARN_64_TO_32_BIT_CONVERSION = YES;
				GCC_WARN_ABOUT_RETURN_TYPE = YES_ERROR;
				GCC_WARN_UNDECLARED_SELECTOR = YES;
				GCC_WARN_UNINITIALIZED_AUTOS = YES_AGGRESSIVE;
				GCC_WARN_UNUSED_FUNCTION = YES;
				GCC_WARN_UNUSED_VARIABLE = YES;
				IPHONEOS_DEPLOYMENT_TARGET = 14.4;
				MTL_ENABLE_DEBUG_INFO = NO;
				MTL_FAST_MATH = YES;
				SDKROOT = iphoneos;
				SWIFT_COMPILATION_MODE = wholemodule;
				SWIFT_OPTIMIZATION_LEVEL = "-O";
				VALIDATE_PRODUCT = YES;
			};
			name = Release;
		};
		185A52A625E5119600D75023 /* Debug */ = {
			isa = XCBuildConfiguration;
			buildSettings = {
				ASSETCATALOG_COMPILER_APPICON_NAME = AppIcon;
				ASSETCATALOG_COMPILER_GLOBAL_ACCENT_COLOR_NAME = AccentColor;
				CODE_SIGN_STYLE = Automatic;
				DEVELOPMENT_TEAM = SJ2C8F39X6;
				INFOPLIST_FILE = VideoGamesApp/Info.plist;
				LD_RUNPATH_SEARCH_PATHS = (
					"$(inherited)",
					"@executable_path/Frameworks",
				);
				PRODUCT_BUNDLE_IDENTIFIER = com.cemeke.VideoGamesApp;
				PRODUCT_NAME = "$(TARGET_NAME)";
				SWIFT_VERSION = 5.0;
				TARGETED_DEVICE_FAMILY = "1,2";
			};
			name = Debug;
		};
		185A52A725E5119600D75023 /* Release */ = {
			isa = XCBuildConfiguration;
			buildSettings = {
				ASSETCATALOG_COMPILER_APPICON_NAME = AppIcon;
				ASSETCATALOG_COMPILER_GLOBAL_ACCENT_COLOR_NAME = AccentColor;
				CODE_SIGN_STYLE = Automatic;
				DEVELOPMENT_TEAM = SJ2C8F39X6;
				INFOPLIST_FILE = VideoGamesApp/Info.plist;
				LD_RUNPATH_SEARCH_PATHS = (
					"$(inherited)",
					"@executable_path/Frameworks",
				);
				PRODUCT_BUNDLE_IDENTIFIER = com.cemeke.VideoGamesApp;
				PRODUCT_NAME = "$(TARGET_NAME)";
				SWIFT_VERSION = 5.0;
				TARGETED_DEVICE_FAMILY = "1,2";
			};
			name = Release;
		};
/* End XCBuildConfiguration section */

/* Begin XCConfigurationList section */
		185A528925E5119200D75023 /* Build configuration list for PBXProject "VideoGamesApp" */ = {
			isa = XCConfigurationList;
			buildConfigurations = (
				185A52A325E5119600D75023 /* Debug */,
				185A52A425E5119600D75023 /* Release */,
			);
			defaultConfigurationIsVisible = 0;
			defaultConfigurationName = Release;
		};
		185A52A525E5119600D75023 /* Build configuration list for PBXNativeTarget "VideoGamesApp" */ = {
			isa = XCConfigurationList;
			buildConfigurations = (
				185A52A625E5119600D75023 /* Debug */,
				185A52A725E5119600D75023 /* Release */,
			);
			defaultConfigurationIsVisible = 0;
			defaultConfigurationName = Release;
		};
/* End XCConfigurationList section */

/* Begin XCVersionGroup section */
		185A529A25E5119300D75023 /* VideoGamesApp.xcdatamodeld */ = {
			isa = XCVersionGroup;
			children = (
				185A529B25E5119300D75023 /* VideoGamesApp.xcdatamodel */,
			);
			currentVersion = 185A529B25E5119300D75023 /* VideoGamesApp.xcdatamodel */;
			path = VideoGamesApp.xcdatamodeld;
			sourceTree = "<group>";
			versionGroupType = wrapper.xcdatamodel;
		};
/* End XCVersionGroup section */
	};
	rootObject = 185A528625E5119200D75023 /* Project object */;
}
